
Microsoft Visual Studio Solution File, Format Version 12.00
# Visual Studio 15
VisualStudioVersion = 15.0.27004.2006
MinimumVisualStudioVersion = 10.0.40219.1
Project("{FAE04EC0-301F-11D3-BF4B-00C04F79EFBC}") = "Computer", "Computer\Computer.csproj", "{4EFF757E-4C25-4166-952E-CB1B7953FDDF}"
EndProject
Project("{FAE04EC0-301F-11D3-BF4B-00C04F79EFBC}") = "Computer.API", "Computer.API\Computer.API.csproj", "{E68E0F1F-8B8A-4F19-B837-01D225F2EA50}"
EndProject
Project("{FAE04EC0-301F-11D3-BF4B-00C04F79EFBC}") = "ModuleSpeech", "ModuleSpeech\ModuleSpeech.csproj", "{5223EE2E-47C8-49E4-BE2D-7A8B51BD6D9F}"
EndProject
Project("{9A19103F-16F7-4668-BE54-9A1E7A4F7556}") = "ChatSharp", "ChatSharp\ChatSharp.csproj", "{4033AFFA-BEA3-4BDF-84EA-59A23360FD36}"
EndProject
Project("{FAE04EC0-301F-11D3-BF4B-00C04F79EFBC}") = "ModuleIRC", "ModuleIRC\ModuleIRC.csproj", "{910E22E1-88D6-4046-B724-59D39DE0DCC5}"
EndProject
Project("{FAE04EC0-301F-11D3-BF4B-00C04F79EFBC}") = "ModuleTime", "ModuleTime\ModuleTime.csproj", "{955E4EF0-58F1-4DDC-AF3B-6CF8B48FD729}"
EndProject
Project("{FAE04EC0-301F-11D3-BF4B-00C04F79EFBC}") = "ModuleWeather", "ModuleWeather\ModuleWeather.csproj", "{5013988E-46B7-4E67-B878-618E6D70260A}"
EndProject
Global
	GlobalSection(SolutionConfigurationPlatforms) = preSolution
		Debug|Any CPU = Debug|Any CPU
		Release|Any CPU = Release|Any CPU
	EndGlobalSection
	GlobalSection(ProjectConfigurationPlatforms) = postSolution
		{4EFF757E-4C25-4166-952E-CB1B7953FDDF}.Debug|Any CPU.ActiveCfg = Debug|Any CPU
		{4EFF757E-4C25-4166-952E-CB1B7953FDDF}.Debug|Any CPU.Build.0 = Debug|Any CPU
		{4EFF757E-4C25-4166-952E-CB1B7953FDDF}.Release|Any CPU.ActiveCfg = Release|Any CPU
		{4EFF757E-4C25-4166-952E-CB1B7953FDDF}.Release|Any CPU.Build.0 = Release|Any CPU
		{E68E0F1F-8B8A-4F19-B837-01D225F2EA50}.Debug|Any CPU.ActiveCfg = Debug|Any CPU
		{E68E0F1F-8B8A-4F19-B837-01D225F2EA50}.Debug|Any CPU.Build.0 = Debug|Any CPU
		{E68E0F1F-8B8A-4F19-B837-01D225F2EA50}.Release|Any CPU.ActiveCfg = Release|Any CPU
		{E68E0F1F-8B8A-4F19-B837-01D225F2EA50}.Release|Any CPU.Build.0 = Release|Any CPU
		{5223EE2E-47C8-49E4-BE2D-7A8B51BD6D9F}.Debug|Any CPU.ActiveCfg = Debug|Any CPU
		{5223EE2E-47C8-49E4-BE2D-7A8B51BD6D9F}.Release|Any CPU.ActiveCfg = Release|Any CPU
		{5223EE2E-47C8-49E4-BE2D-7A8B51BD6D9F}.Release|Any CPU.Build.0 = Release|Any CPU
		{4033AFFA-BEA3-4BDF-84EA-59A23360FD36}.Debug|Any CPU.ActiveCfg = Debug|Any CPU
		{4033AFFA-BEA3-4BDF-84EA-59A23360FD36}.Debug|Any CPU.Build.0 = Debug|Any CPU
		{4033AFFA-BEA3-4BDF-84EA-59A23360FD36}.Release|Any CPU.ActiveCfg = Release|Any CPU
		{4033AFFA-BEA3-4BDF-84EA-59A23360FD36}.Release|Any CPU.Build.0 = Release|Any CPU
		{910E22E1-88D6-4046-B724-59D39DE0DCC5}.Debug|Any CPU.ActiveCfg = Debug|Any CPU
		{910E22E1-88D6-4046-B724-59D39DE0DCC5}.Release|Any CPU.ActiveCfg = Release|Any CPU
		{910E22E1-88D6-4046-B724-59D39DE0DCC5}.Release|Any CPU.Build.0 = Release|Any CPU
		{955E4EF0-58F1-4DDC-AF3B-6CF8B48FD729}.Debug|Any CPU.ActiveCfg = Debug|Any CPU
		{955E4EF0-58F1-4DDC-AF3B-6CF8B48FD729}.Release|Any CPU.ActiveCfg = Release|Any CPU
		{955E4EF0-58F1-4DDC-AF3B-6CF8B48FD729}.Release|Any CPU.Build.0 = Release|Any CPU
		{5013988E-46B7-4E67-B878-618E6D70260A}.Debug|Any CPU.ActiveCfg = Debug|Any CPU
		{5013988E-46B7-4E67-B878-618E6D70260A}.Debug|Any CPU.Build.0 = Debug|Any CPU
		{5013988E-46B7-4E67-B878-618E6D70260A}.Release|Any CPU.ActiveCfg = Release|Any CPU
		{5013988E-46B7-4E67-B878-618E6D70260A}.Release|Any CPU.Build.0 = Release|Any CPU
	EndGlobalSection
	GlobalSection(SolutionProperties) = preSolution
		HideSolutionNode = FALSE
	EndGlobalSection
	GlobalSection(ExtensibilityGlobals) = postSolution
		SolutionGuid = {41A14A42-A85F-424C-84B4-93406FE19F9A}
	EndGlobalSection
EndGlobal
